PODS:
  - SDWebImage/Core (4.0.0)
  - Texture/Core (2.3.2)
  - WebASDKImageManager (3.0.0):
    - SDWebImage/Core (~> 4.0)
    - Texture/Core

DEPENDENCIES:
  - WebASDKImageManager (from `.`)

EXTERNAL SOURCES:
  WebASDKImageManager:
    :path: .

SPEC CHECKSUMS:
  SDWebImage: 76a6348bdc74eb5a55dd08a091ef298e56b55e41
  Texture: 18664254419f35de27af76399b3b265cbad5740a
  WebASDKImageManager: f7b831293f6499695f32dd4dfe47e26d1947fa7f

PODFILE CHECKSUM: 7b34a654865002f9dd598539b1b1c3d7df04a62e

COCOAPODS: 1.2.1
